PODS:
  - SJFluidSegmentedControl (1.0.0)

DEPENDENCIES:
  - SJFluidSegmentedControl (from `../`)

EXTERNAL SOURCES:
  SJFluidSegmentedControl:
    :path: ../

SPEC CHECKSUMS:
  SJFluidSegmentedControl: 5853c3b9e39cbbbc35572ba6fbdc1ad3baf04bf4

PODFILE CHECKSUM: ebb117249d26cf9f677d1d9c8ffe1ddaba3be26d

COCOAPODS: 1.1.0.rc.2
