PODS:
  - SJFluidSegmentedControl (1.1.4)

DEPENDENCIES:
  - SJFluidSegmentedControl (from `../`)

EXTERNAL SOURCES:
  SJFluidSegmentedControl:
    :path: "../"

SPEC CHECKSUMS:
  SJFluidSegmentedControl: defdd19b4519ee1bcb4d701b4bac1caf42ceff3f

PODFILE CHECKSUM: 47d488da3cb5ef3c2bda77a123b2ecaa8ffa63b6

COCOAPODS: 1.11.3
